
Microsoft Visual Studio Solution File, Format Version 12.00
# Visual Studio Version 17
VisualStudioVersion = 17.14.36109.1
MinimumVisualStudioVersion = 10.0.40219.1
Project("{FAE04EC0-301F-11D3-BF4B-00C04F79EFBC}") = "Small_product_page_Csharp", "Small_product_page_Csharp.csproj", "{82C2D615-8F4C-0EF0-F79A-8E1834D76BDD}"
EndProject
Global
	GlobalSection(SolutionConfigurationPlatforms) = preSolution
		Debug|Any CPU = Debug|Any CPU
		Release|Any CPU = Release|Any CPU
	EndGlobalSection
	GlobalSection(ProjectConfigurationPlatforms) = postSolution
		{82C2D615-8F4C-0EF0-F79A-8E1834D76BDD}.Debug|Any CPU.ActiveCfg = Debug|Any CPU
		{82C2D615-8F4C-0EF0-F79A-8E1834D76BDD}.Debug|Any CPU.Build.0 = Debug|Any CPU
		{82C2D615-8F4C-0EF0-F79A-8E1834D76BDD}.Release|Any CPU.ActiveCfg = Release|Any CPU
		{82C2D615-8F4C-0EF0-F79A-8E1834D76BDD}.Release|Any CPU.Build.0 = Release|Any CPU
	EndGlobalSection
	GlobalSection(SolutionProperties) = preSolution
		HideSolutionNode = FALSE
	EndGlobalSection
	GlobalSection(ExtensibilityGlobals) = postSolution
		SolutionGuid = {BC4EAA1A-6EBC-405B-9B93-62DC1BF9B37C}
	EndGlobalSection
EndGlobal
